<?xml version="1.0" encoding="utf-8"?>
<Project ToolsVersion="4.0" xmlns="http://schemas.microsoft.com/developer/msbuild/2003">
  <ItemGroup>
    <Filter Include="Main">
      <UniqueIdentifier>{4FC737F1-C7A5-4376-A066-2A32D752A2FF}</UniqueIdentifier>
      <Extensions>cpp;c;cc;cxx;def;odl;idl;hpj;bat;asm;asmx</Extensions>
    </Filter>
    <Filter Include="Utils">
      <UniqueIdentifier>{93995380-89BD-4b04-88EB-625FBE52EBFB}</UniqueIdentifier>
      <Extensions>h;hh;hpp;hxx;hm;inl;inc;xsd</Extensions>
    </Filter>
    <Filter Include="Packet">
      <UniqueIdentifier>{96d94ed0-6d3b-45b6-8864-b68b0317c83d}</UniqueIdentifier>
    </Filter>
    <Filter Include="GameLift">
      <UniqueIdentifier>{9e5787ee-e323-4aeb-9693-f37c572fde04}</UniqueIdentifier>
    </Filter>
  </ItemGroup>
  <ItemGroup>
    <Text Include="ReadMe.txt" />
  </ItemGroup>
  <ItemGroup>
    <ClInclude Include="targetver.h">
      <Filter>Main</Filter>
    </ClInclude>
    <ClInclude Include="stdafx.h">
      <Filter>Main</Filter>
    </ClInclude>
    <ClInclude Include="CircularBuffer.h">
      <Filter>Utils</Filter>
    </ClInclude>
    <ClInclude Include="Exception.h">
      <Filter>Utils</Filter>
    </ClInclude>
    <ClInclude Include="FastSpinlock.h">
      <Filter>Utils</Filter>
    </ClInclude>
    <ClInclude Include="Log.h">
      <Filter>Utils</Filter>
    </ClInclude>
    <ClInclude Include="ObjectPool.h">
      <Filter>Utils</Filter>
    </ClInclude>
    <ClInclude Include="ThreadLocal.h">
      <Filter>Utils</Filter>
    </ClInclude>
    <ClInclude Include="IocpManager.h">
      <Filter>Main</Filter>
    </ClInclude>
    <ClInclude Include="OverlappedIOContext.h">
      <Filter>Main</Filter>
    </ClInclude>
    <ClInclude Include="Session.h">
      <Filter>Main</Filter>
    </ClInclude>
    <ClInclude Include="WorkerThread.h">
      <Filter>Main</Filter>
    </ClInclude>
    <ClInclude Include="DummyClients.h">
      <Filter>Main</Filter>
    </ClInclude>
    <ClInclude Include="..\..\PacketShare\PacketType.h">
      <Filter>Packet</Filter>
    </ClInclude>
    <ClInclude Include="PlayerSession.h">
      <Filter>GameLift</Filter>
    </ClInclude>
    <ClInclude Include="GameSession.h">
      <Filter>GameLift</Filter>
    </ClInclude>
    <ClInclude Include="GameLiftManager.h">
      <Filter>GameLift</Filter>
    </ClInclude>
    <ClInclude Include="Timer.h">
      <Filter>Utils</Filter>
    </ClInclude>
    <ClInclude Include="Job.h">
      <Filter>Utils</Filter>
    </ClInclude>
    <ClInclude Include="JobDispatcher.h">
      <Filter>Utils</Filter>
    </ClInclude>
    <ClInclude Include="ini.h">
      <Filter>Utils</Filter>
    </ClInclude>
    <ClInclude Include="INIReader.h">
      <Filter>Utils</Filter>
    </ClInclude>
  </ItemGroup>
  <ItemGroup>
    <ClCompile Include="stdafx.cpp">
      <Filter>Main</Filter>
    </ClCompile>
    <ClCompile Include="DummyClients.cpp">
      <Filter>Main</Filter>
    </ClCompile>
    <ClCompile Include="CircularBuffer.cpp">
      <Filter>Utils</Filter>
    </ClCompile>
    <ClCompile Include="Exception.cpp">
      <Filter>Utils</Filter>
    </ClCompile>
    <ClCompile Include="FastSpinlock.cpp">
      <Filter>Utils</Filter>
    </ClCompile>
    <ClCompile Include="Log.cpp">
      <Filter>Utils</Filter>
    </ClCompile>
    <ClCompile Include="ThreadLocal.cpp">
      <Filter>Utils</Filter>
    </ClCompile>
    <ClCompile Include="IocpManager.cpp">
      <Filter>Main</Filter>
    </ClCompile>
    <ClCompile Include="OverlappedIOContext.cpp">
      <Filter>Main</Filter>
    </ClCompile>
    <ClCompile Include="Session.cpp">
      <Filter>Main</Filter>
    </ClCompile>
    <ClCompile Include="WorkerThread.cpp">
      <Filter>Main</Filter>
    </ClCompile>
    <ClCompile Include="PacketHandler.cpp">
      <Filter>Packet</Filter>
    </ClCompile>
    <ClCompile Include="PlayerSession.cpp">
      <Filter>GameLift</Filter>
    </ClCompile>
    <ClCompile Include="GameSession.cpp">
      <Filter>GameLift</Filter>
    </ClCompile>
    <ClCompile Include="GameLiftManager.cpp">
      <Filter>GameLift</Filter>
    </ClCompile>
    <ClCompile Include="Timer.cpp">
      <Filter>Utils</Filter>
    </ClCompile>
    <ClCompile Include="ini.c">
      <Filter>Utils</Filter>
    </ClCompile>
    <ClCompile Include="INIReader.cpp">
      <Filter>Utils</Filter>
    </ClCompile>
  </ItemGroup>
  <ItemGroup>
    <None Include="packages.config" />
    <None Include="config.ini" />
  </ItemGroup>
</Project>